// !$*UTF8*$!
{
	archiveVersion = 1;
	classes = {
	};
	objectVersion = 46;
	objects = {

/* Begin PBXBuildFile section */
		359B93B51B191D6C00AE09D3 /* AppDelegate.swift in Sources */ = {isa = PBXBuildFile; fileRef = 359B93B41B191D6C00AE09D3 /* AppDelegate.swift */; };
		359B93B71B191D6C00AE09D3 /* ViewController.swift in Sources */ = {isa = PBXBuildFile; fileRef = 359B93B61B191D6C00AE09D3 /* ViewController.swift */; };
		359B93BA1B191D6C00AE09D3 /* Main.storyboard in Resources */ = {isa = PBXBuildFile; fileRef = 359B93B81B191D6C00AE09D3 /* Main.storyboard */; };
		359B93BC1B191D6C00AE09D3 /* Images.xcassets in Resources */ = {isa = PBXBuildFile; fileRef = 359B93BB1B191D6C00AE09D3 /* Images.xcassets */; };
		359B93BF1B191D6C00AE09D3 /* LaunchScreen.xib in Resources */ = {isa = PBXBuildFile; fileRef = 359B93BD1B191D6C00AE09D3 /* LaunchScreen.xib */; };
		359B93CB1B191D6C00AE09D3 /* Pitch_PerfectTests.swift in Sources */ = {isa = PBXBuildFile; fileRef = 359B93CA1B191D6C00AE09D3 /* Pitch_PerfectTests.swift */; };
/* End PBXBuildFile section */

/* Begin PBXContainerItemProxy section */
		359B93C51B191D6C00AE09D3 /* PBXContainerItemProxy */ = {
			isa = PBXContainerItemProxy;
			containerPortal = 359B93A71B191D6C00AE09D3 /* Project object */;
			proxyType = 1;
			remoteGlobalIDString = 359B93AE1B191D6C00AE09D3;
			remoteInfo = "Pitch Perfect";
		};
/* End PBXContainerItemProxy section */

/* Begin PBXFileReference section */
		359B93AF1B191D6C00AE09D3 /* Pitch Perfect.app */ = {isa = PBXFileReference; explicitFileType = wrapper.application; includeInIndex = 0; path = "Pitch Perfect.app"; sourceTree = BUILT_PRODUCTS_DIR; };
		359B93B31B191D6C00AE09D3 /* Info.plist */ = {isa = PBXFileReference; lastKnownFileType = text.plist.xml; path = Info.plist; sourceTree = "<group>"; };
		359B93B41B191D6C00AE09D3 /* AppDelegate.swift */ = {isa = PBXFileReference; lastKnownFileType = sourcecode.swift; path = AppDelegate.swift; sourceTree = "<group>"; };
		359B93B61B191D6C00AE09D3 /* ViewController.swift */ = {isa = PBXFileReference; lastKnownFileType = sourcecode.swift; path = ViewController.swift; sourceTree = "<group>"; };
		359B93B91B191D6C00AE09D3 /* Base */ = {isa = PBXFileReference; lastKnownFileType = file.storyboard; name = Base; path = Base.lproj/Main.storyboard; sourceTree = "<group>"; };
		359B93BB1B191D6C00AE09D3 /* Images.xcassets */ = {isa = PBXFileReference; lastKnownFileType = folder.assetcatalog; path = Images.xcassets; sourceTree = "<group>"; };
		359B93BE1B191D6C00AE09D3 /* Base */ = {isa = PBXFileReference; lastKnownFileType = file.xib; name = Base; path = Base.lproj/LaunchScreen.xib; sourceTree = "<group>"; };
		359B93C41B191D6C00AE09D3 /* Pitch PerfectTests.xctest */ = {isa = PBXFileReference; explicitFileType = wrapper.cfbundle; includeInIndex = 0; path = "Pitch PerfectTests.xctest"; sourceTree = BUILT_PRODUCTS_DIR; };
		359B93C91B191D6C00AE09D3 /* Info.plist */ = {isa = PBXFileReference; lastKnownFileType = text.plist.xml; path = Info.plist; sourceTree = "<group>"; };
		359B93CA1B191D6C00AE09D3 /* Pitch_PerfectTests.swift */ = {isa = PBXFileReference; lastKnownFileType = sourcecode.swift; path = Pitch_PerfectTests.swift; sourceTree = "<group>"; };
/* End PBXFileReference section */

/* Begin PBXFrameworksBuildPhase section */
		359B93AC1B191D6C00AE09D3 /* Frameworks */ = {
			isa = PBXFrameworksBuildPhase;
			buildActionMask = 2147483647;
			files = (
			);
			runOnlyForDeploymentPostprocessing = 0;
		};
		359B93C11B191D6C00AE09D3 /* Frameworks */ = {
			isa = PBXFrameworksBuildPhase;
			buildActionMask = 2147483647;
			files = (
			);
			runOnlyForDeploymentPostprocessing = 0;
		};
/* End PBXFrameworksBuildPhase section */

/* Begin PBXGroup section */
		359B93A61B191D6C00AE09D3 = {
			isa = PBXGroup;
			children = (
				359B93B11B191D6C00AE09D3 /* Pitch Perfect */,
				359B93C71B191D6C00AE09D3 /* Pitch PerfectTests */,
				359B93B01B191D6C00AE09D3 /* Products */,
			);
			sourceTree = "<group>";
		};
		359B93B01B191D6C00AE09D3 /* Products */ = {
			isa = PBXGroup;
			children = (
				359B93AF1B191D6C00AE09D3 /* Pitch Perfect.app */,
				359B93C41B191D6C00AE09D3 /* Pitch PerfectTests.xctest */,
			);
			name = Products;
			sourceTree = "<group>";
		};
		359B93B11B191D6C00AE09D3 /* Pitch Perfect */ = {
			isa = PBXGroup;
			children = (
				359B93B41B191D6C00AE09D3 /* AppDelegate.swift */,
				359B93B61B191D6C00AE09D3 /* ViewController.swift */,
				359B93B81B191D6C00AE09D3 /* Main.storyboard */,
				359B93BB1B191D6C00AE09D3 /* Images.xcassets */,
				359B93BD1B191D6C00AE09D3 /* LaunchScreen.xib */,
				359B93B21B191D6C00AE09D3 /* Supporting Files */,
			);
			path = "Pitch Perfect";
			sourceTree = "<group>";
		};
		359B93B21B191D6C00AE09D3 /* Supporting Files */ = {
			isa = PBXGroup;
			children = (
				359B93B31B191D6C00AE09D3 /* Info.plist */,
			);
			name = "Supporting Files";
			sourceTree = "<group>";
		};
		359B93C71B191D6C00AE09D3 /* Pitch PerfectTests */ = {
			isa = PBXGroup;
			children = (
				359B93CA1B191D6C00AE09D3 /* Pitch_PerfectTests.swift */,
				359B93C81B191D6C00AE09D3 /* Supporting Files */,
			);
			path = "Pitch PerfectTests";
			sourceTree = "<group>";
		};
		359B93C81B191D6C00AE09D3 /* Supporting Files */ = {
			isa = PBXGroup;
			children = (
				359B93C91B191D6C00AE09D3 /* Info.plist */,
			);
			name = "Supporting Files";
			sourceTree = "<group>";
		};
/* End PBXGroup section */

/* Begin PBXNativeTarget section */
		359B93AE1B191D6C00AE09D3 /* Pitch Perfect */ = {
			isa = PBXNativeTarget;
			buildConfigurationList = 359B93CE1B191D6C00AE09D3 /* Build configuration list for PBXNativeTarget "Pitch Perfect" */;
			buildPhases = (
				359B93AB1B191D6C00AE09D3 /* Sources */,
				359B93AC1B191D6C00AE09D3 /* Frameworks */,
				359B93AD1B191D6C00AE09D3 /* Resources */,
			);
			buildRules = (
			);
			dependencies = (
			);
			name = "Pitch Perfect";
			productName = "Pitch Perfect";
			productReference = 359B93AF1B191D6C00AE09D3 /* Pitch Perfect.app */;
			productType = "com.apple.product-type.application";
		};
		359B93C31B191D6C00AE09D3 /* Pitch PerfectTests */ = {
			isa = PBXNativeTarget;
			buildConfigurationList = 359B93D11B191D6C00AE09D3 /* Build configuration list for PBXNativeTarget "Pitch PerfectTests" */;
			buildPhases = (
				359B93C01B191D6C00AE09D3 /* Sources */,
				359B93C11B191D6C00AE09D3 /* Frameworks */,
				359B93C21B191D6C00AE09D3 /* Resources */,
			);
			buildRules = (
			);
			dependencies = (
				359B93C61B191D6C00AE09D3 /* PBXTargetDependency */,
			);
			name = "Pitch PerfectTests";
			productName = "Pitch PerfectTests";
			productReference = 359B93C41B191D6C00AE09D3 /* Pitch PerfectTests.xctest */;
			productType = "com.apple.product-type.bundle.unit-test";
		};
/* End PBXNativeTarget section */

/* Begin PBXProject section */
		359B93A71B191D6C00AE09D3 /* Project object */ = {
			isa = PBXProject;
			attributes = {
				LastUpgradeCheck = 0630;
				ORGANIZATIONNAME = "Agranee Solutions Ltd";
				TargetAttributes = {
					359B93AE1B191D6C00AE09D3 = {
						CreatedOnToolsVersion = 6.3.2;
					};
					359B93C31B191D6C00AE09D3 = {
						CreatedOnToolsVersion = 6.3.2;
						TestTargetID = 359B93AE1B191D6C00AE09D3;
					};
				};
			};
			buildConfigurationList = 359B93AA1B191D6C00AE09D3 /* Build configuration list for PBXProject "Pitch Perfect" */;
			compatibilityVersion = "Xcode 3.2";
			developmentRegion = English;
			hasScannedForEncodings = 0;
			knownRegions = (
				en,
				Base,
			);
			mainGroup = 359B93A61B191D6C00AE09D3;
			productRefGroup = 359B93B01B191D6C00AE09D3 /* Products */;
			projectDirPath = "";
			projectRoot = "";
			targets = (
				359B93AE1B191D6C00AE09D3 /* Pitch Perfect */,
				359B93C31B191D6C00AE09D3 /* Pitch PerfectTests */,
			);
		};
/* End PBXProject section */

/* Begin PBXResourcesBuildPhase section */
		359B93AD1B191D6C00AE09D3 /* Resources */ = {
			isa = PBXResourcesBuildPhase;
			buildActionMask = 2147483647;
			files = (
				359B93BA1B191D6C00AE09D3 /* Main.storyboard in Resources */,
				359B93BF1B191D6C00AE09D3 /* LaunchScreen.xib in Resources */,
				359B93BC1B191D6C00AE09D3 /* Images.xcassets in Resources */,
			);
			runOnlyForDeploymentPostprocessing = 0;
		};
		359B93C21B191D6C00AE09D3 /* Resources */ = {
			isa = PBXResourcesBuildPhase;
			buildActionMask = 2147483647;
			files = (
			);
			runOnlyForDeploymentPostprocessing = 0;
		};
/* End PBXResourcesBuildPhase section */

/* Begin PBXSourcesBuildPhase section */
		359B93AB1B191D6C00AE09D3 /* Sources */ = {
			isa = PBXSourcesBuildPhase;
			buildActionMask = 2147483647;
			files = (
				359B93B71B191D6C00AE09D3 /* ViewController.swift in Sources */,
				359B93B51B191D6C00AE09D3 /* AppDelegate.swift in Sources */,
			);
			runOnlyForDeploymentPostprocessing = 0;
		};
		359B93C01B191D6C00AE09D3 /* Sources */ = {
			isa = PBXSourcesBuildPhase;
			buildActionMask = 2147483647;
			files = (
				359B93CB1B191D6C00AE09D3 /* Pitch_PerfectTests.swift in Sources */,
			);
			runOnlyForDeploymentPostprocessing = 0;
		};
/* End PBXSourcesBuildPhase section */

/* Begin PBXTargetDependency section */
		359B93C61B191D6C00AE09D3 /* PBXTargetDependency */ = {
			isa = PBXTargetDependency;
			target = 359B93AE1B191D6C00AE09D3 /* Pitch Perfect */;
			targetProxy = 359B93C51B191D6C00AE09D3 /* PBXContainerItemProxy */;
		};
/* End PBXTargetDependency section */

/* Begin PBXVariantGroup section */
		359B93B81B191D6C00AE09D3 /* Main.storyboard */ = {
			isa = PBXVariantGroup;
			children = (
				359B93B91B191D6C00AE09D3 /* Base */,
			);
			name = Main.storyboard;
			sourceTree = "<group>";
		};
		359B93BD1B191D6C00AE09D3 /* LaunchScreen.xib */ = {
			isa = PBXVariantGroup;
			children = (
				359B93BE1B191D6C00AE09D3 /* Base */,
			);
			name = LaunchScreen.xib;
			sourceTree = "<group>";
		};
/* End PBXVariantGroup section */

/* Begin XCBuildConfiguration section */
		359B93CC1B191D6C00AE09D3 /* Debug */ = {
			isa = XCBuildConfiguration;
			buildSettings = {
				ALWAYS_SEARCH_USER_PATHS = NO;
				CLANG_CXX_LANGUAGE_STANDARD = "gnu++0x";
				CLANG_CXX_LIBRARY = "libc++";
				CLANG_ENABLE_MODULES = YES;
				CLANG_ENABLE_OBJC_ARC = YES;
				CLANG_WARN_BOOL_CONVERSION = YES;
				CLANG_WARN_CONSTANT_CONVERSION = YES;
				CLANG_WARN_DIRECT_OBJC_ISA_USAGE = YES_ERROR;
				CLANG_WARN_EMPTY_BODY = YES;
				CLANG_WARN_ENUM_CONVERSION = YES;
				CLANG_WARN_INT_CONVERSION = YES;
				CLANG_WARN_OBJC_ROOT_CLASS = YES_ERROR;
				CLANG_WARN_UNREACHABLE_CODE = YES;
				CLANG_WARN__DUPLICATE_METHOD_MATCH = YES;
				"CODE_SIGN_IDENTITY[sdk=iphoneos*]" = "iPhone Developer";
				COPY_PHASE_STRIP = NO;
				DEBUG_INFORMATION_FORMAT = "dwarf-with-dsym";
				ENABLE_STRICT_OBJC_MSGSEND = YES;
				GCC_C_LANGUAGE_STANDARD = gnu99;
				GCC_DYNAMIC_NO_PIC = NO;
				GCC_NO_COMMON_BLOCKS = YES;
				GCC_OPTIMIZATION_LEVEL = 0;
				GCC_PREPROCESSOR_DEFINITIONS = (
					"DEBUG=1",
					"$(inherited)",
				);
				GCC_SYMBOLS_PRIVATE_EXTERN = NO;
				GCC_WARN_64_TO_32_BIT_CONVERSION = YES;
				GCC_WARN_ABOUT_RETURN_TYPE = YES_ERROR;
				GCC_WARN_UNDECLARED_SELECTOR = YES;
				GCC_WARN_UNINITIALIZED_AUTOS = YES_AGGRESSIVE;
				GCC_WARN_UNUSED_FUNCTION = YES;
				GCC_WARN_UNUSED_VARIABLE = YES;
				IPHONEOS_DEPLOYMENT_TARGET = 8.3;
				MTL_ENABLE_DEBUG_INFO = YES;
				ONLY_ACTIVE_ARCH = YES;
				SDKROOT = iphoneos;
				SWIFT_OPTIMIZATION_LEVEL = "-Onone";
			};
			name = Debug;
		};
		359B93CD1B191D6C00AE09D3 /* Release */ = {
			isa = XCBuildConfiguration;
			buildSettings = {
				ALWAYS_SEARCH_USER_PATHS = NO;
				CLANG_CXX_LANGUAGE_STANDARD = "gnu++0x";
				CLANG_CXX_LIBRARY = "libc++";
				CLANG_ENABLE_MODULES = YES;
				CLANG_ENABLE_OBJC_ARC = YES;
				CLANG_WARN_BOOL_CONVERSION = YES;
				CLANG_WARN_CONSTANT_CONVERSION = YES;
				CLANG_WARN_DIRECT_OBJC_ISA_USAGE = YES_ERROR;
				CLANG_WARN_EMPTY_BODY = YES;
				CLANG_WARN_ENUM_CONVERSION = YES;
				CLANG_WARN_INT_CONVERSION = YES;
				CLANG_WARN_OBJC_ROOT_CLASS = YES_ERROR;
				CLANG_WARN_UNREACHABLE_CODE = YES;
				CLANG_WARN__DUPLICATE_METHOD_MATCH = YES;
				"CODE_SIGN_IDENTITY[sdk=iphoneos*]" = "iPhone Developer";
				COPY_PHASE_STRIP = NO;
				DEBUG_INFORMATION_FORMAT = "dwarf-with-dsym";
				ENABLE_NS_ASSERTIONS = NO;
				ENABLE_STRICT_OBJC_MSGSEND = YES;
				GCC_C_LANGUAGE_STANDARD = gnu99;
				GCC_NO_COMMON_BLOCKS = YES;
				GCC_WARN_64_TO_32_BIT_CONVERSION = YES;
				GCC_WARN_ABOUT_RETURN_TYPE = YES_ERROR;
				GCC_WARN_UNDECLARED_SELECTOR = YES;
				GCC_WARN_UNINITIALIZED_AUTOS = YES_AGGRESSIVE;
				GCC_WARN_UNUSED_FUNCTION = YES;
				GCC_WARN_UNUSED_VARIABLE = YES;
				IPHONEOS_DEPLOYMENT_TARGET = 8.3;
				MTL_ENABLE_DEBUG_INFO = NO;
				SDKROOT = iphoneos;
				VALIDATE_PRODUCT = YES;
			};
			name = Release;
		};
		359B93CF1B191D6C00AE09D3 /* Debug */ = {
			isa = XCBuildConfiguration;
			buildSettings = {
				ASSETCATALOG_COMPILER_APPICON_NAME = AppIcon;
				INFOPLIST_FILE = "Pitch Perfect/Info.plist";
				LD_RUNPATH_SEARCH_PATHS = "$(inherited) @executable_path/Frameworks";
				PRODUCT_NAME = "$(TARGET_NAME)";
			};
			name = Debug;
		};
		359B93D01B191D6C00AE09D3 /* Release */ = {
			isa = XCBuildConfiguration;
			buildSettings = {
				ASSETCATALOG_COMPILER_APPICON_NAME = AppIcon;
				INFOPLIST_FILE = "Pitch Perfect/Info.plist";
				LD_RUNPATH_SEARCH_PATHS = "$(inherited) @executable_path/Frameworks";
				PRODUCT_NAME = "$(TARGET_NAME)";
			};
			name = Release;
		};
		359B93D21B191D6C00AE09D3 /* Debug */ = {
			isa = XCBuildConfiguration;
			buildSettings = {
				BUNDLE_LOADER = "$(TEST_HOST)";
				FRAMEWORK_SEARCH_PATHS = (
					"$(SDKROOT)/Developer/Library/Frameworks",
					"$(inherited)",
				);
				GCC_PREPROCESSOR_DEFINITIONS = (
					"DEBUG=1",
					"$(inherited)",
				);
				INFOPLIST_FILE = "Pitch PerfectTests/Info.plist";
				LD_RUNPATH_SEARCH_PATHS = "$(inherited) @executable_path/Frameworks @loader_path/Frameworks";
				PRODUCT_NAME = "$(TARGET_NAME)";
				TEST_HOST = "$(BUILT_PRODUCTS_DIR)/Pitch Perfect.app/Pitch Perfect";
			};
			name = Debug;
		};
		359B93D31B191D6C00AE09D3 /* Release */ = {
			isa = XCBuildConfiguration;
			buildSettings = {
				BUNDLE_LOADER = "$(TEST_HOST)";
				FRAMEWORK_SEARCH_PATHS = (
					"$(SDKROOT)/Developer/Library/Frameworks",
					"$(inherited)",
				);
				INFOPLIST_FILE = "Pitch PerfectTests/Info.plist";
				LD_RUNPATH_SEARCH_PATHS = "$(inherited) @executable_path/Frameworks @loader_path/Frameworks";
				PRODUCT_NAME = "$(TARGET_NAME)";
				TEST_HOST = "$(BUILT_PRODUCTS_DIR)/Pitch Perfect.app/Pitch Perfect";
			};
			name = Release;
		};
/* End XCBuildConfiguration section */

/* Begin XCConfigurationList section */
		359B93AA1B191D6C00AE09D3 /* Build configuration list for PBXProject "Pitch Perfect" */ = {
			isa = XCConfigurationList;
			buildConfigurations = (
				359B93CC1B191D6C00AE09D3 /* Debug */,
				359B93CD1B191D6C00AE09D3 /* Release */,
			);
			defaultConfigurationIsVisible = 0;
			defaultConfigurationName = Release;
		};
		359B93CE1B191D6C00AE09D3 /* Build configuration list for PBXNativeTarget "Pitch Perfect" */ = {
			isa = XCConfigurationList;
			buildConfigurations = (
				359B93CF1B191D6C00AE09D3 /* Debug */,
				359B93D01B191D6C00AE09D3 /* Release */,
			);
			defaultConfigurationIsVisible = 0;
		};
		359B93D11B191D6C00AE09D3 /* Build configuration list for PBXNativeTarget "Pitch PerfectTests" */ = {
			isa = XCConfigurationList;
			buildConfigurations = (
				359B93D21B191D6C00AE09D3 /* Debug */,
				359B93D31B191D6C00AE09D3 /* Release */,
			);
			defaultConfigurationIsVisible = 0;
		};
/* End XCConfigurationList section */
	};
	rootObject = 359B93A71B191D6C00AE09D3 /* Project object */;
}
